
Microsoft Visual Studio Solution File, Format Version 12.00
# Visual Studio Version 17
VisualStudioVersion = 17.3.32929.385
MinimumVisualStudioVersion = 10.0.40219.1
Project("{FAE04EC0-301F-11D3-BF4B-00C04F79EFBC}") = "IfElseExample5", "IfElseExample5\IfElseExample5.csproj", "{62523FAE-4FAE-4427-9374-E76DFA893215}"
EndProject
Global
	GlobalSection(SolutionConfigurationPlatforms) = preSolution
		Debug|Any CPU = Debug|Any CPU
		Release|Any CPU = Release|Any CPU
	EndGlobalSection
	GlobalSection(ProjectConfigurationPlatforms) = postSolution
		{62523FAE-4FAE-4427-9374-E76DFA893215}.Debug|Any CPU.ActiveCfg = Debug|Any CPU
		{62523FAE-4FAE-4427-9374-E76DFA893215}.Debug|Any CPU.Build.0 = Debug|Any CPU
		{62523FAE-4FAE-4427-9374-E76DFA893215}.Release|Any CPU.ActiveCfg = Release|Any CPU
		{62523FAE-4FAE-4427-9374-E76DFA893215}.Release|Any CPU.Build.0 = Release|Any CPU
	EndGlobalSection
	GlobalSection(SolutionProperties) = preSolution
		HideSolutionNode = FALSE
	EndGlobalSection
	GlobalSection(ExtensibilityGlobals) = postSolution
		SolutionGuid = {EC6FC50B-0B5F-410F-A0DF-97D4F112D842}
	EndGlobalSection
EndGlobal
