
Microsoft Visual Studio Solution File, Format Version 12.00
# Visual Studio Version 17
VisualStudioVersion = 17.3.32929.385
MinimumVisualStudioVersion = 10.0.40219.1
Project("{FAE04EC0-301F-11D3-BF4B-00C04F79EFBC}") = "IfElseExample8", "IfElseExample8\IfElseExample8.csproj", "{9C454123-1E3A-4166-A011-439D81FE758C}"
EndProject
Global
	GlobalSection(SolutionConfigurationPlatforms) = preSolution
		Debug|Any CPU = Debug|Any CPU
		Release|Any CPU = Release|Any CPU
	EndGlobalSection
	GlobalSection(ProjectConfigurationPlatforms) = postSolution
		{9C454123-1E3A-4166-A011-439D81FE758C}.Debug|Any CPU.ActiveCfg = Debug|Any CPU
		{9C454123-1E3A-4166-A011-439D81FE758C}.Debug|Any CPU.Build.0 = Debug|Any CPU
		{9C454123-1E3A-4166-A011-439D81FE758C}.Release|Any CPU.ActiveCfg = Release|Any CPU
		{9C454123-1E3A-4166-A011-439D81FE758C}.Release|Any CPU.Build.0 = Release|Any CPU
	EndGlobalSection
	GlobalSection(SolutionProperties) = preSolution
		HideSolutionNode = FALSE
	EndGlobalSection
	GlobalSection(ExtensibilityGlobals) = postSolution
		SolutionGuid = {F6BC404E-FBC4-44D0-ABD1-38EC7D89AA9F}
	EndGlobalSection
EndGlobal
